
Microsoft Visual Studio Solution File, Format Version 12.00
# Visual Studio Version 16
VisualStudioVersion = 16.0.31424.327
MinimumVisualStudioVersion = 10.0.40219.1
Project("{FAE04EC0-301F-11D3-BF4B-00C04F79EFBC}") = "Session25Exercise", "Session25Exercise\Session25Exercise.csproj", "{62BB4C5D-2CF5-46AB-8452-38793CEBD4C7}"
EndProject
Project("{FAE04EC0-301F-11D3-BF4B-00C04F79EFBC}") = "RazorPages.Models", "RazorPages.Models\RazorPages.Models.csproj", "{76DE81AD-DB47-471B-8D5D-EFFCF6B3FBBC}"
EndProject
Global
	GlobalSection(SolutionConfigurationPlatforms) = preSolution
		Debug|Any CPU = Debug|Any CPU
		Release|Any CPU = Release|Any CPU
	EndGlobalSection
	GlobalSection(ProjectConfigurationPlatforms) = postSolution
		{62BB4C5D-2CF5-46AB-8452-38793CEBD4C7}.Debug|Any CPU.ActiveCfg = Debug|Any CPU
		{62BB4C5D-2CF5-46AB-8452-38793CEBD4C7}.Debug|Any CPU.Build.0 = Debug|Any CPU
		{62BB4C5D-2CF5-46AB-8452-38793CEBD4C7}.Release|Any CPU.ActiveCfg = Release|Any CPU
		{62BB4C5D-2CF5-46AB-8452-38793CEBD4C7}.Release|Any CPU.Build.0 = Release|Any CPU
		{76DE81AD-DB47-471B-8D5D-EFFCF6B3FBBC}.Debug|Any CPU.ActiveCfg = Debug|Any CPU
		{76DE81AD-DB47-471B-8D5D-EFFCF6B3FBBC}.Debug|Any CPU.Build.0 = Debug|Any CPU
		{76DE81AD-DB47-471B-8D5D-EFFCF6B3FBBC}.Release|Any CPU.ActiveCfg = Release|Any CPU
		{76DE81AD-DB47-471B-8D5D-EFFCF6B3FBBC}.Release|Any CPU.Build.0 = Release|Any CPU
	EndGlobalSection
	GlobalSection(SolutionProperties) = preSolution
		HideSolutionNode = FALSE
	EndGlobalSection
	GlobalSection(ExtensibilityGlobals) = postSolution
		SolutionGuid = {F326D2AF-CFC2-48DC-8AE5-F05899780E93}
	EndGlobalSection
EndGlobal
